// !$*UTF8*$!
{
	archiveVersion = 1;
	classes = {
	};
	objectVersion = 46;
	objects = {

/* Begin PBXBuildFile section */
		D2254B8618803C0B00958702 /* Foundation.framework in Frameworks */ = {isa = PBXBuildFile; fileRef = D2254B8518803C0B00958702 /* Foundation.framework */; };
		D2254B8818803C0B00958702 /* CoreGraphics.framework in Frameworks */ = {isa = PBXBuildFile; fileRef = D2254B8718803C0B00958702 /* CoreGraphics.framework */; };
		D2254B8A18803C0B00958702 /* UIKit.framework in Frameworks */ = {isa = PBXBuildFile; fileRef = D2254B8918803C0B00958702 /* UIKit.framework */; };
		D2254B9018803C0B00958702 /* InfoPlist.strings in Resources */ = {isa = PBXBuildFile; fileRef = D2254B8E18803C0B00958702 /* InfoPlist.strings */; };
		D2254B9218803C0B00958702 /* main.m in Sources */ = {isa = PBXBuildFile; fileRef = D2254B9118803C0B00958702 /* main.m */; };
		D2254B9618803C0B00958702 /* AppDelegate.m in Sources */ = {isa = PBXBuildFile; fileRef = D2254B9518803C0B00958702 /* AppDelegate.m */; };
		D2254B9918803C0B00958702 /* Main.storyboard in Resources */ = {isa = PBXBuildFile; fileRef = D2254B9718803C0B00958702 /* Main.storyboard */; };
		D2254B9C18803C0B00958702 /* ViewController.m in Sources */ = {isa = PBXBuildFile; fileRef = D2254B9B18803C0B00958702 /* ViewController.m */; };
		D2254B9E18803C0B00958702 /* Images.xcassets in Resources */ = {isa = PBXBuildFile; fileRef = D2254B9D18803C0B00958702 /* Images.xcassets */; };
		D2254BA518803C0B00958702 /* XCTest.framework in Frameworks */ = {isa = PBXBuildFile; fileRef = D2254BA418803C0B00958702 /* XCTest.framework */; };
		D2254BA618803C0B00958702 /* Foundation.framework in Frameworks */ = {isa = PBXBuildFile; fileRef = D2254B8518803C0B00958702 /* Foundation.framework */; };
		D2254BA718803C0B00958702 /* UIKit.framework in Frameworks */ = {isa = PBXBuildFile; fileRef = D2254B8918803C0B00958702 /* UIKit.framework */; };
		D2254BAF18803C0B00958702 /* InfoPlist.strings in Resources */ = {isa = PBXBuildFile; fileRef = D2254BAD18803C0B00958702 /* InfoPlist.strings */; };
		D2254BB118803C0B00958702 /* LocationsTests.m in Sources */ = {isa = PBXBuildFile; fileRef = D2254BB018803C0B00958702 /* LocationsTests.m */; };
		D2254BBB1880416400958702 /* CoreLocation.framework in Frameworks */ = {isa = PBXBuildFile; fileRef = D2254BBA1880416400958702 /* CoreLocation.framework */; };
		D2254BBD18808CAE00958702 /* MapKit.framework in Frameworks */ = {isa = PBXBuildFile; fileRef = D2254BBC18808CAE00958702 /* MapKit.framework */; };
		D257127318DB56C900F1379C /* Pin.m in Sources */ = {isa = PBXBuildFile; fileRef = D257127218DB56C900F1379C /* Pin.m */; };
/* End PBXBuildFile section */

/* Begin PBXContainerItemProxy section */
		D2254BA818803C0B00958702 /* PBXContainerItemProxy */ = {
			isa = PBXContainerItemProxy;
			containerPortal = D2254B7A18803C0B00958702 /* Project object */;
			proxyType = 1;
			remoteGlobalIDString = D2254B8118803C0B00958702;
			remoteInfo = Locations;
		};
/* End PBXContainerItemProxy section */

/* Begin PBXFileReference section */
		D2254B8218803C0B00958702 /* Locations.app */ = {isa = PBXFileReference; explicitFileType = wrapper.application; includeInIndex = 0; path = Locations.app; sourceTree = BUILT_PRODUCTS_DIR; };
		D2254B8518803C0B00958702 /* Foundation.framework */ = {isa = PBXFileReference; lastKnownFileType = wrapper.framework; name = Foundation.framework; path = System/Library/Frameworks/Foundation.framework; sourceTree = SDKROOT; };
		D2254B8718803C0B00958702 /* CoreGraphics.framework */ = {isa = PBXFileReference; lastKnownFileType = wrapper.framework; name = CoreGraphics.framework; path = System/Library/Frameworks/CoreGraphics.framework; sourceTree = SDKROOT; };
		D2254B8918803C0B00958702 /* UIKit.framework */ = {isa = PBXFileReference; lastKnownFileType = wrapper.framework; name = UIKit.framework; path = System/Library/Frameworks/UIKit.framework; sourceTree = SDKROOT; };
		D2254B8D18803C0B00958702 /* Locations-Info.plist */ = {isa = PBXFileReference; lastKnownFileType = text.plist.xml; path = "Locations-Info.plist"; sourceTree = "<group>"; };
		D2254B8F18803C0B00958702 /* en */ = {isa = PBXFileReference; lastKnownFileType = text.plist.strings; name = en; path = en.lproj/InfoPlist.strings; sourceTree = "<group>"; };
		D2254B9118803C0B00958702 /* main.m */ = {isa = PBXFileReference; lastKnownFileType = sourcecode.c.objc; path = main.m; sourceTree = "<group>"; };
		D2254B9318803C0B00958702 /* Locations-Prefix.pch */ = {isa = PBXFileReference; lastKnownFileType = sourcecode.c.h; path = "Locations-Prefix.pch"; sourceTree = "<group>"; };
		D2254B9418803C0B00958702 /* AppDelegate.h */ = {isa = PBXFileReference; lastKnownFileType = sourcecode.c.h; path = AppDelegate.h; sourceTree = "<group>"; };
		D2254B9518803C0B00958702 /* AppDelegate.m */ = {isa = PBXFileReference; lastKnownFileType = sourcecode.c.objc; path = AppDelegate.m; sourceTree = "<group>"; };
		D2254B9818803C0B00958702 /* Base */ = {isa = PBXFileReference; lastKnownFileType = file.storyboard; name = Base; path = Base.lproj/Main.storyboard; sourceTree = "<group>"; };
		D2254B9A18803C0B00958702 /* ViewController.h */ = {isa = PBXFileReference; lastKnownFileType = sourcecode.c.h; path = ViewController.h; sourceTree = "<group>"; };
		D2254B9B18803C0B00958702 /* ViewController.m */ = {isa = PBXFileReference; lastKnownFileType = sourcecode.c.objc; path = ViewController.m; sourceTree = "<group>"; };
		D2254B9D18803C0B00958702 /* Images.xcassets */ = {isa = PBXFileReference; lastKnownFileType = folder.assetcatalog; path = Images.xcassets; sourceTree = "<group>"; };
		D2254BA318803C0B00958702 /* LocationsTests.xctest */ = {isa = PBXFileReference; explicitFileType = wrapper.cfbundle; includeInIndex = 0; path = LocationsTests.xctest; sourceTree = BUILT_PRODUCTS_DIR; };
		D2254BA418803C0B00958702 /* XCTest.framework */ = {isa = PBXFileReference; lastKnownFileType = wrapper.framework; name = XCTest.framework; path = Library/Frameworks/XCTest.framework; sourceTree = DEVELOPER_DIR; };
		D2254BAC18803C0B00958702 /* LocationsTests-Info.plist */ = {isa = PBXFileReference; lastKnownFileType = text.plist.xml; path = "LocationsTests-Info.plist"; sourceTree = "<group>"; };
		D2254BAE18803C0B00958702 /* en */ = {isa = PBXFileReference; lastKnownFileType = text.plist.strings; name = en; path = en.lproj/InfoPlist.strings; sourceTree = "<group>"; };
		D2254BB018803C0B00958702 /* LocationsTests.m */ = {isa = PBXFileReference; lastKnownFileType = sourcecode.c.objc; path = LocationsTests.m; sourceTree = "<group>"; };
		D2254BBA1880416400958702 /* CoreLocation.framework */ = {isa = PBXFileReference; lastKnownFileType = wrapper.framework; name = CoreLocation.framework; path = System/Library/Frameworks/CoreLocation.framework; sourceTree = SDKROOT; };
		D2254BBC18808CAE00958702 /* MapKit.framework */ = {isa = PBXFileReference; lastKnownFileType = wrapper.framework; name = MapKit.framework; path = System/Library/Frameworks/MapKit.framework; sourceTree = SDKROOT; };
		D257127118DB56C900F1379C /* Pin.h */ = {isa = PBXFileReference; fileEncoding = 4; lastKnownFileType = sourcecode.c.h; path = Pin.h; sourceTree = "<group>"; };
		D257127218DB56C900F1379C /* Pin.m */ = {isa = PBXFileReference; fileEncoding = 4; lastKnownFileType = sourcecode.c.objc; path = Pin.m; sourceTree = "<group>"; };
/* End PBXFileReference section */

/* Begin PBXFrameworksBuildPhase section */
		D2254B7F18803C0B00958702 /* Frameworks */ = {
			isa = PBXFrameworksBuildPhase;
			buildActionMask = 2147483647;
			files = (
				D2254BBD18808CAE00958702 /* MapKit.framework in Frameworks */,
				D2254BBB1880416400958702 /* CoreLocation.framework in Frameworks */,
				D2254B8818803C0B00958702 /* CoreGraphics.framework in Frameworks */,
				D2254B8A18803C0B00958702 /* UIKit.framework in Frameworks */,
				D2254B8618803C0B00958702 /* Foundation.framework in Frameworks */,
			);
			runOnlyForDeploymentPostprocessing = 0;
		};
		D2254BA018803C0B00958702 /* Frameworks */ = {
			isa = PBXFrameworksBuildPhase;
			buildActionMask = 2147483647;
			files = (
				D2254BA518803C0B00958702 /* XCTest.framework in Frameworks */,
				D2254BA718803C0B00958702 /* UIKit.framework in Frameworks */,
				D2254BA618803C0B00958702 /* Foundation.framework in Frameworks */,
			);
			runOnlyForDeploymentPostprocessing = 0;
		};
/* End PBXFrameworksBuildPhase section */

/* Begin PBXGroup section */
		D2254B7918803C0B00958702 = {
			isa = PBXGroup;
			children = (
				D2254B8B18803C0B00958702 /* Locations */,
				D2254BAA18803C0B00958702 /* LocationsTests */,
				D2254B8418803C0B00958702 /* Frameworks */,
				D2254B8318803C0B00958702 /* Products */,
			);
			sourceTree = "<group>";
		};
		D2254B8318803C0B00958702 /* Products */ = {
			isa = PBXGroup;
			children = (
				D2254B8218803C0B00958702 /* Locations.app */,
				D2254BA318803C0B00958702 /* LocationsTests.xctest */,
			);
			name = Products;
			sourceTree = "<group>";
		};
		D2254B8418803C0B00958702 /* Frameworks */ = {
			isa = PBXGroup;
			children = (
				D2254BBC18808CAE00958702 /* MapKit.framework */,
				D2254BBA1880416400958702 /* CoreLocation.framework */,
				D2254B8518803C0B00958702 /* Foundation.framework */,
				D2254B8718803C0B00958702 /* CoreGraphics.framework */,
				D2254B8918803C0B00958702 /* UIKit.framework */,
				D2254BA418803C0B00958702 /* XCTest.framework */,
			);
			name = Frameworks;
			sourceTree = "<group>";
		};
		D2254B8B18803C0B00958702 /* Locations */ = {
			isa = PBXGroup;
			children = (
				D2254B9418803C0B00958702 /* AppDelegate.h */,
				D2254B9518803C0B00958702 /* AppDelegate.m */,
				D2254B9718803C0B00958702 /* Main.storyboard */,
				D2254B9A18803C0B00958702 /* ViewController.h */,
				D2254B9B18803C0B00958702 /* ViewController.m */,
				D257127118DB56C900F1379C /* Pin.h */,
				D257127218DB56C900F1379C /* Pin.m */,
				D2254B9D18803C0B00958702 /* Images.xcassets */,
				D2254B8C18803C0B00958702 /* Supporting Files */,
			);
			path = Locations;
			sourceTree = "<group>";
		};
		D2254B8C18803C0B00958702 /* Supporting Files */ = {
			isa = PBXGroup;
			children = (
				D2254B8D18803C0B00958702 /* Locations-Info.plist */,
				D2254B8E18803C0B00958702 /* InfoPlist.strings */,
				D2254B9118803C0B00958702 /* main.m */,
				D2254B9318803C0B00958702 /* Locations-Prefix.pch */,
			);
			name = "Supporting Files";
			sourceTree = "<group>";
		};
		D2254BAA18803C0B00958702 /* LocationsTests */ = {
			isa = PBXGroup;
			children = (
				D2254BB018803C0B00958702 /* LocationsTests.m */,
				D2254BAB18803C0B00958702 /* Supporting Files */,
			);
			path = LocationsTests;
			sourceTree = "<group>";
		};
		D2254BAB18803C0B00958702 /* Supporting Files */ = {
			isa = PBXGroup;
			children = (
				D2254BAC18803C0B00958702 /* LocationsTests-Info.plist */,
				D2254BAD18803C0B00958702 /* InfoPlist.strings */,
			);
			name = "Supporting Files";
			sourceTree = "<group>";
		};
/* End PBXGroup section */

/* Begin PBXNativeTarget section */
		D2254B8118803C0B00958702 /* Locations */ = {
			isa = PBXNativeTarget;
			buildConfigurationList = D2254BB418803C0B00958702 /* Build configuration list for PBXNativeTarget "Locations" */;
			buildPhases = (
				D2254B7E18803C0B00958702 /* Sources */,
				D2254B7F18803C0B00958702 /* Frameworks */,
				D2254B8018803C0B00958702 /* Resources */,
			);
			buildRules = (
			);
			dependencies = (
			);
			name = Locations;
			productName = Locations;
			productReference = D2254B8218803C0B00958702 /* Locations.app */;
			productType = "com.apple.product-type.application";
		};
		D2254BA218803C0B00958702 /* LocationsTests */ = {
			isa = PBXNativeTarget;
			buildConfigurationList = D2254BB718803C0B00958702 /* Build configuration list for PBXNativeTarget "LocationsTests" */;
			buildPhases = (
				D2254B9F18803C0B00958702 /* Sources */,
				D2254BA018803C0B00958702 /* Frameworks */,
				D2254BA118803C0B00958702 /* Resources */,
			);
			buildRules = (
			);
			dependencies = (
				D2254BA918803C0B00958702 /* PBXTargetDependency */,
			);
			name = LocationsTests;
			productName = LocationsTests;
			productReference = D2254BA318803C0B00958702 /* LocationsTests.xctest */;
			productType = "com.apple.product-type.bundle.unit-test";
		};
/* End PBXNativeTarget section */

/* Begin PBXProject section */
		D2254B7A18803C0B00958702 /* Project object */ = {
			isa = PBXProject;
			attributes = {
				LastUpgradeCheck = 0510;
				ORGANIZATIONNAME = "Pinkstone Pictures LLC";
				TargetAttributes = {
					D2254BA218803C0B00958702 = {
						TestTargetID = D2254B8118803C0B00958702;
					};
				};
			};
			buildConfigurationList = D2254B7D18803C0B00958702 /* Build configuration list for PBXProject "Locations" */;
			compatibilityVersion = "Xcode 3.2";
			developmentRegion = English;
			hasScannedForEncodings = 0;
			knownRegions = (
				en,
				Base,
			);
			mainGroup = D2254B7918803C0B00958702;
			productRefGroup = D2254B8318803C0B00958702 /* Products */;
			projectDirPath = "";
			projectRoot = "";
			targets = (
				D2254B8118803C0B00958702 /* Locations */,
				D2254BA218803C0B00958702 /* LocationsTests */,
			);
		};
/* End PBXProject section */

/* Begin PBXResourcesBuildPhase section */
		D2254B8018803C0B00958702 /* Resources */ = {
			isa = PBXResourcesBuildPhase;
			buildActionMask = 2147483647;
			files = (
				D2254B9E18803C0B00958702 /* Images.xcassets in Resources */,
				D2254B9018803C0B00958702 /* InfoPlist.strings in Resources */,
				D2254B9918803C0B00958702 /* Main.storyboard in Resources */,
			);
			runOnlyForDeploymentPostprocessing = 0;
		};
		D2254BA118803C0B00958702 /* Resources */ = {
			isa = PBXResourcesBuildPhase;
			buildActionMask = 2147483647;
			files = (
				D2254BAF18803C0B00958702 /* InfoPlist.strings in Resources */,
			);
			runOnlyForDeploymentPostprocessing = 0;
		};
/* End PBXResourcesBuildPhase section */

/* Begin PBXSourcesBuildPhase section */
		D2254B7E18803C0B00958702 /* Sources */ = {
			isa = PBXSourcesBuildPhase;
			buildActionMask = 2147483647;
			files = (
				D2254B9C18803C0B00958702 /* ViewController.m in Sources */,
				D2254B9618803C0B00958702 /* AppDelegate.m in Sources */,
				D2254B9218803C0B00958702 /* main.m in Sources */,
				D257127318DB56C900F1379C /* Pin.m in Sources */,
			);
			runOnlyForDeploymentPostprocessing = 0;
		};
		D2254B9F18803C0B00958702 /* Sources */ = {
			isa = PBXSourcesBuildPhase;
			buildActionMask = 2147483647;
			files = (
				D2254BB118803C0B00958702 /* LocationsTests.m in Sources */,
			);
			runOnlyForDeploymentPostprocessing = 0;
		};
/* End PBXSourcesBuildPhase section */

/* Begin PBXTargetDependency section */
		D2254BA918803C0B00958702 /* PBXTargetDependency */ = {
			isa = PBXTargetDependency;
			target = D2254B8118803C0B00958702 /* Locations */;
			targetProxy = D2254BA818803C0B00958702 /* PBXContainerItemProxy */;
		};
/* End PBXTargetDependency section */

/* Begin PBXVariantGroup section */
		D2254B8E18803C0B00958702 /* InfoPlist.strings */ = {
			isa = PBXVariantGroup;
			children = (
				D2254B8F18803C0B00958702 /* en */,
			);
			name = InfoPlist.strings;
			sourceTree = "<group>";
		};
		D2254B9718803C0B00958702 /* Main.storyboard */ = {
			isa = PBXVariantGroup;
			children = (
				D2254B9818803C0B00958702 /* Base */,
			);
			name = Main.storyboard;
			sourceTree = "<group>";
		};
		D2254BAD18803C0B00958702 /* InfoPlist.strings */ = {
			isa = PBXVariantGroup;
			children = (
				D2254BAE18803C0B00958702 /* en */,
			);
			name = InfoPlist.strings;
			sourceTree = "<group>";
		};
/* End PBXVariantGroup section */

/* Begin XCBuildConfiguration section */
		D2254BB218803C0B00958702 /* Debug */ = {
			isa = XCBuildConfiguration;
			buildSettings = {
				ALWAYS_SEARCH_USER_PATHS = NO;
				ARCHS = "$(ARCHS_STANDARD_INCLUDING_64_BIT)";
				CLANG_CXX_LANGUAGE_STANDARD = "gnu++0x";
				CLANG_CXX_LIBRARY = "libc++";
				CLANG_ENABLE_MODULES = YES;
				CLANG_ENABLE_OBJC_ARC = YES;
				CLANG_WARN_BOOL_CONVERSION = YES;
				CLANG_WARN_CONSTANT_CONVERSION = YES;
				CLANG_WARN_DIRECT_OBJC_ISA_USAGE = YES_ERROR;
				CLANG_WARN_EMPTY_BODY = YES;
				CLANG_WARN_ENUM_CONVERSION = YES;
				CLANG_WARN_INT_CONVERSION = YES;
				CLANG_WARN_OBJC_ROOT_CLASS = YES_ERROR;
				CLANG_WARN__DUPLICATE_METHOD_MATCH = YES;
				"CODE_SIGN_IDENTITY[sdk=iphoneos*]" = "iPhone Developer";
				COPY_PHASE_STRIP = NO;
				GCC_C_LANGUAGE_STANDARD = gnu99;
				GCC_DYNAMIC_NO_PIC = NO;
				GCC_OPTIMIZATION_LEVEL = 0;
				GCC_PREPROCESSOR_DEFINITIONS = (
					"DEBUG=1",
					"$(inherited)",
				);
				GCC_SYMBOLS_PRIVATE_EXTERN = NO;
				GCC_WARN_64_TO_32_BIT_CONVERSION = YES;
				GCC_WARN_ABOUT_RETURN_TYPE = YES_ERROR;
				GCC_WARN_UNDECLARED_SELECTOR = YES;
				GCC_WARN_UNINITIALIZED_AUTOS = YES_AGGRESSIVE;
				GCC_WARN_UNUSED_FUNCTION = YES;
				GCC_WARN_UNUSED_VARIABLE = YES;
				IPHONEOS_DEPLOYMENT_TARGET = 6.1;
				ONLY_ACTIVE_ARCH = YES;
				SDKROOT = iphoneos;
			};
			name = Debug;
		};
		D2254BB318803C0B00958702 /* Release */ = {
			isa = XCBuildConfiguration;
			buildSettings = {
				ALWAYS_SEARCH_USER_PATHS = NO;
				ARCHS = "$(ARCHS_STANDARD_INCLUDING_64_BIT)";
				CLANG_CXX_LANGUAGE_STANDARD = "gnu++0x";
				CLANG_CXX_LIBRARY = "libc++";
				CLANG_ENABLE_MODULES = YES;
				CLANG_ENABLE_OBJC_ARC = YES;
				CLANG_WARN_BOOL_CONVERSION = YES;
				CLANG_WARN_CONSTANT_CONVERSION = YES;
				CLANG_WARN_DIRECT_OBJC_ISA_USAGE = YES_ERROR;
				CLANG_WARN_EMPTY_BODY = YES;
				CLANG_WARN_ENUM_CONVERSION = YES;
				CLANG_WARN_INT_CONVERSION = YES;
				CLANG_WARN_OBJC_ROOT_CLASS = YES_ERROR;
				CLANG_WARN__DUPLICATE_METHOD_MATCH = YES;
				"CODE_SIGN_IDENTITY[sdk=iphoneos*]" = "iPhone Developer";
				COPY_PHASE_STRIP = YES;
				ENABLE_NS_ASSERTIONS = NO;
				GCC_C_LANGUAGE_STANDARD = gnu99;
				GCC_WARN_64_TO_32_BIT_CONVERSION = YES;
				GCC_WARN_ABOUT_RETURN_TYPE = YES_ERROR;
				GCC_WARN_UNDECLARED_SELECTOR = YES;
				GCC_WARN_UNINITIALIZED_AUTOS = YES_AGGRESSIVE;
				GCC_WARN_UNUSED_FUNCTION = YES;
				GCC_WARN_UNUSED_VARIABLE = YES;
				IPHONEOS_DEPLOYMENT_TARGET = 6.1;
				SDKROOT = iphoneos;
				VALIDATE_PRODUCT = YES;
			};
			name = Release;
		};
		D2254BB518803C0B00958702 /* Debug */ = {
			isa = XCBuildConfiguration;
			buildSettings = {
				ASSETCATALOG_COMPILER_APPICON_NAME = AppIcon;
				ASSETCATALOG_COMPILER_LAUNCHIMAGE_NAME = LaunchImage;
				GCC_PRECOMPILE_PREFIX_HEADER = YES;
				GCC_PREFIX_HEADER = "Locations/Locations-Prefix.pch";
				INFOPLIST_FILE = "Locations/Locations-Info.plist";
				IPHONEOS_DEPLOYMENT_TARGET = 6.1;
				PRODUCT_NAME = "$(TARGET_NAME)";
				WRAPPER_EXTENSION = app;
			};
			name = Debug;
		};
		D2254BB618803C0B00958702 /* Release */ = {
			isa = XCBuildConfiguration;
			buildSettings = {
				ASSETCATALOG_COMPILER_APPICON_NAME = AppIcon;
				ASSETCATALOG_COMPILER_LAUNCHIMAGE_NAME = LaunchImage;
				GCC_PRECOMPILE_PREFIX_HEADER = YES;
				GCC_PREFIX_HEADER = "Locations/Locations-Prefix.pch";
				INFOPLIST_FILE = "Locations/Locations-Info.plist";
				IPHONEOS_DEPLOYMENT_TARGET = 6.1;
				PRODUCT_NAME = "$(TARGET_NAME)";
				WRAPPER_EXTENSION = app;
			};
			name = Release;
		};
		D2254BB818803C0B00958702 /* Debug */ = {
			isa = XCBuildConfiguration;
			buildSettings = {
				ARCHS = "$(ARCHS_STANDARD_INCLUDING_64_BIT)";
				BUNDLE_LOADER = "$(BUILT_PRODUCTS_DIR)/Locations.app/Locations";
				FRAMEWORK_SEARCH_PATHS = (
					"$(SDKROOT)/Developer/Library/Frameworks",
					"$(inherited)",
					"$(DEVELOPER_FRAMEWORKS_DIR)",
				);
				GCC_PRECOMPILE_PREFIX_HEADER = YES;
				GCC_PREFIX_HEADER = "Locations/Locations-Prefix.pch";
				GCC_PREPROCESSOR_DEFINITIONS = (
					"DEBUG=1",
					"$(inherited)",
				);
				INFOPLIST_FILE = "LocationsTests/LocationsTests-Info.plist";
				PRODUCT_NAME = "$(TARGET_NAME)";
				TEST_HOST = "$(BUNDLE_LOADER)";
				WRAPPER_EXTENSION = xctest;
			};
			name = Debug;
		};
		D2254BB918803C0B00958702 /* Release */ = {
			isa = XCBuildConfiguration;
			buildSettings = {
				ARCHS = "$(ARCHS_STANDARD_INCLUDING_64_BIT)";
				BUNDLE_LOADER = "$(BUILT_PRODUCTS_DIR)/Locations.app/Locations";
				FRAMEWORK_SEARCH_PATHS = (
					"$(SDKROOT)/Developer/Library/Frameworks",
					"$(inherited)",
					"$(DEVELOPER_FRAMEWORKS_DIR)",
				);
				GCC_PRECOMPILE_PREFIX_HEADER = YES;
				GCC_PREFIX_HEADER = "Locations/Locations-Prefix.pch";
				INFOPLIST_FILE = "LocationsTests/LocationsTests-Info.plist";
				PRODUCT_NAME = "$(TARGET_NAME)";
				TEST_HOST = "$(BUNDLE_LOADER)";
				WRAPPER_EXTENSION = xctest;
			};
			name = Release;
		};
/* End XCBuildConfiguration section */

/* Begin XCConfigurationList section */
		D2254B7D18803C0B00958702 /* Build configuration list for PBXProject "Locations" */ = {
			isa = XCConfigurationList;
			buildConfigurations = (
				D2254BB218803C0B00958702 /* Debug */,
				D2254BB318803C0B00958702 /* Release */,
			);
			defaultConfigurationIsVisible = 0;
			defaultConfigurationName = Release;
		};
		D2254BB418803C0B00958702 /* Build configuration list for PBXNativeTarget "Locations" */ = {
			isa = XCConfigurationList;
			buildConfigurations = (
				D2254BB518803C0B00958702 /* Debug */,
				D2254BB618803C0B00958702 /* Release */,
			);
			defaultConfigurationIsVisible = 0;
			defaultConfigurationName = Release;
		};
		D2254BB718803C0B00958702 /* Build configuration list for PBXNativeTarget "LocationsTests" */ = {
			isa = XCConfigurationList;
			buildConfigurations = (
				D2254BB818803C0B00958702 /* Debug */,
				D2254BB918803C0B00958702 /* Release */,
			);
			defaultConfigurationIsVisible = 0;
			defaultConfigurationName = Release;
		};
/* End XCConfigurationList section */
	};
	rootObject = D2254B7A18803C0B00958702 /* Project object */;
}
